// !$*UTF8*$!
{
	archiveVersion = 1;
	classes = {
	};
	objectVersion = 70;
	objects = {

/* Begin PBXBuildFile section */
		41163BDB307550C20056845C /* Assets.xcassets in Resources */ = {isa = PBXBuildFile; fileRef = 41163BDA307550C20056845C /* Assets.xcassets */; };
		41163BEE307553650056845C /* HydrationGoal.swift in Sources */ = {isa = PBXBuildFile; fileRef = 41163BEB307553650056845C /* HydrationGoal.swift */; };
		41163BEF307553650056845C /* WaterIntakeEntry.swift in Sources */ = {isa = PBXBuildFile; fileRef = 41163BED307553650056845C /* WaterIntakeEntry.swift */; };
		41163BF0307553650056845C /* HydrationProgress.swift in Sources */ = {isa = PBXBuildFile; fileRef = 41163BEC307553650056845C /* HydrationProgress.swift */; };
		41163BF9307563A90056845C /* HydrationModel.xcdatamodeld in Sources */ = {isa = PBXBuildFile; fileRef = 41163BF7307563A90056845C /* HydrationModel.xcdatamodeld */; };
		41163BFD307568FE0056845C /* HydrationRepository.swift in Sources */ = {isa = PBXBuildFile; fileRef = 41163BFC307568FE0056845C /* HydrationRepository.swift */; };
		41163BFF3075692C0056845C /* CoreDataHydrationRepository.swift in Sources */ = {isa = PBXBuildFile; fileRef = 41163BFE3075692C0056845C /* CoreDataHydrationRepository.swift */; };
		41163C01307569390056845C /* HydrationPersistence.swift in Sources */ = {isa = PBXBuildFile; fileRef = 41163C00307569390056845C /* HydrationPersistence.swift */; };
		41163C113075913C0056845C /* UpdateDailyHydrationGoalUseCase.swift in Sources */ = {isa = PBXBuildFile; fileRef = 41163C103075913C0056845C /* UpdateDailyHydrationGoalUseCase.swift */; };
		41163C123075913C0056845C /* LogWaterIntakeUseCase.swift in Sources */ = {isa = PBXBuildFile; fileRef = 41163C0F3075913C0056845C /* LogWaterIntakeUseCase.swift */; };
		41163C133075913C0056845C /* FetchTodayHydrationProgressUseCase.swift in Sources */ = {isa = PBXBuildFile; fileRef = 41163C0E3075913C0056845C /* FetchTodayHydrationProgressUseCase.swift */; };
		41163C173075D8850056845C /* HydrationWorkflowModels.swift in Sources */ = {isa = PBXBuildFile; fileRef = 41163C163075D8850056845C /* HydrationWorkflowModels.swift */; };
		41163C193075D88A0056845C /* HydrationReminderRoutineStore.swift in Sources */ = {isa = PBXBuildFile; fileRef = 41163C183075D88A0056845C /* HydrationReminderRoutineStore.swift */; };
		41163C1B3075D8900056845C /* HydrationWorkflowUseCases.swift in Sources */ = {isa = PBXBuildFile; fileRef = 41163C1A3075D8900056845C /* HydrationWorkflowUseCases.swift */; };
		41163C1D3075D8990056845C /* HydrationWorkflowServices.swift in Sources */ = {isa = PBXBuildFile; fileRef = 41163C1C3075D8990056845C /* HydrationWorkflowServices.swift */; };
		41163C1F3075D89F0056845C /* HydrationWorkspaceViewModel.swift in Sources */ = {isa = PBXBuildFile; fileRef = 41163C1E3075D89F0056845C /* HydrationWorkspaceViewModel.swift */; };
		41163C263075D8C40056845C /* HydrationTodayView.swift in Sources */ = {isa = PBXBuildFile; fileRef = 41163C243075D8C40056845C /* HydrationTodayView.swift */; };
		41163C273075D8C40056845C /* HydrationDailyGoalView.swift in Sources */ = {isa = PBXBuildFile; fileRef = 41163C203075D8C40056845C /* HydrationDailyGoalView.swift */; };
		41163C283075D8C40056845C /* HydrationLogWaterView.swift in Sources */ = {isa = PBXBuildFile; fileRef = 41163C223075D8C40056845C /* HydrationLogWaterView.swift */; };
		41163C293075D8C40056845C /* HydrationUIComponents.swift in Sources */ = {isa = PBXBuildFile; fileRef = 41163C253075D8C40056845C /* HydrationUIComponents.swift */; };
		41163C2A3075D8C40056845C /* HydrationReminderView.swift in Sources */ = {isa = PBXBuildFile; fileRef = 41163C233075D8C40056845C /* HydrationReminderView.swift */; };
		41163C2B3075D8C40056845C /* HydrationHistoryView.swift in Sources */ = {isa = PBXBuildFile; fileRef = 41163C213075D8C40056845C /* HydrationHistoryView.swift */; };
		41163C363075ECEA0056845C /* PublishHydrationWidgetSnapshotUseCase.swift in Sources */ = {isa = PBXBuildFile; fileRef = 41163C353075ECEA0056845C /* PublishHydrationWidgetSnapshotUseCase.swift */; };
		41163C403075F2A00056845C /* WidgetKit.framework in Frameworks */ = {isa = PBXBuildFile; fileRef = 41163C3F3075F2A00056845C /* WidgetKit.framework */; };
		41163C423075F2A00056845C /* SwiftUI.framework in Frameworks */ = {isa = PBXBuildFile; fileRef = 41163C413075F2A00056845C /* SwiftUI.framework */; };
		41163C4D3075F2A10056845C /* HydrationWidgetExtension.appex in Embed Foundation Extensions */ = {isa = PBXBuildFile; fileRef = 41163C3D3075F2A00056845C /* HydrationWidgetExtension.appex */; settings = {ATTRIBUTES = (RemoveHeadersOnCopy, ); }; };
		41163C5A3075F3950056845C /* WidgetReloadingHydrationSnapshotStore.swift in Sources */ = {isa = PBXBuildFile; fileRef = 41163C593075F3950056845C /* WidgetReloadingHydrationSnapshotStore.swift */; };
		A00000000000000000000001 /* HydrationRoutineAssistantApp.swift in Sources */ = {isa = PBXBuildFile; fileRef = B00000000000000000000001 /* HydrationRoutineAssistantApp.swift */; };
		A00000000000000000000002 /* ContentView.swift in Sources */ = {isa = PBXBuildFile; fileRef = B00000000000000000000002 /* ContentView.swift */; };
/* End PBXBuildFile section */

/* Begin PBXContainerItemProxy section */
		41163BE4307550DC0056845C /* PBXContainerItemProxy */ = {
			isa = PBXContainerItemProxy;
			containerPortal = H00000000000000000000001 /* Project object */;
			proxyType = 1;
			remoteGlobalIDString = E00000000000000000000001;
			remoteInfo = HydrationRoutineAssistant;
		};
		41163C4B3075F2A10056845C /* PBXContainerItemProxy */ = {
			isa = PBXContainerItemProxy;
			containerPortal = H00000000000000000000001 /* Project object */;
			proxyType = 1;
			remoteGlobalIDString = 41163C3C3075F2A00056845C;
			remoteInfo = HydrationWidgetExtension;
		};
/* End PBXContainerItemProxy section */

/* Begin PBXCopyFilesBuildPhase section */
		41163C523075F2A10056845C /* Embed Foundation Extensions */ = {
			isa = PBXCopyFilesBuildPhase;
			buildActionMask = 2147483647;
			dstPath = "";
			dstSubfolderSpec = 13;
			files = (
				41163C4D3075F2A10056845C /* HydrationWidgetExtension.appex in Embed Foundation Extensions */,
			);
			name = "Embed Foundation Extensions";
			runOnlyForDeploymentPostprocessing = 0;
		};
/* End PBXCopyFilesBuildPhase section */

/* Begin PBXFileReference section */
		41163BDA307550C20056845C /* Assets.xcassets */ = {isa = PBXFileReference; lastKnownFileType = folder.assetcatalog; path = Assets.xcassets; sourceTree = "<group>"; };
		41163BE0307550DC0056845C /* HydrationRoutineAssistantTests.xctest */ = {isa = PBXFileReference; explicitFileType = wrapper.cfbundle; includeInIndex = 0; path = HydrationRoutineAssistantTests.xctest; sourceTree = BUILT_PRODUCTS_DIR; };
		41163BEB307553650056845C /* HydrationGoal.swift */ = {isa = PBXFileReference; lastKnownFileType = sourcecode.swift; path = HydrationGoal.swift; sourceTree = "<group>"; };
		41163BEC307553650056845C /* HydrationProgress.swift */ = {isa = PBXFileReference; lastKnownFileType = sourcecode.swift; path = HydrationProgress.swift; sourceTree = "<group>"; };
		41163BED307553650056845C /* WaterIntakeEntry.swift */ = {isa = PBXFileReference; lastKnownFileType = sourcecode.swift; path = WaterIntakeEntry.swift; sourceTree = "<group>"; };
		41163BF8307563A90056845C /* HydrationModel.xcdatamodel */ = {isa = PBXFileReference; lastKnownFileType = wrapper.xcdatamodel; path = HydrationModel.xcdatamodel; sourceTree = "<group>"; };
		41163BFC307568FE0056845C /* HydrationRepository.swift */ = {isa = PBXFileReference; lastKnownFileType = sourcecode.swift; path = HydrationRepository.swift; sourceTree = "<group>"; };
		41163BFE3075692C0056845C /* CoreDataHydrationRepository.swift */ = {isa = PBXFileReference; lastKnownFileType = sourcecode.swift; path = CoreDataHydrationRepository.swift; sourceTree = "<group>"; };
		41163C00307569390056845C /* HydrationPersistence.swift */ = {isa = PBXFileReference; lastKnownFileType = sourcecode.swift; path = HydrationPersistence.swift; sourceTree = "<group>"; };
		41163C0E3075913C0056845C /* FetchTodayHydrationProgressUseCase.swift */ = {isa = PBXFileReference; lastKnownFileType = sourcecode.swift; path = FetchTodayHydrationProgressUseCase.swift; sourceTree = "<group>"; };
		41163C0F3075913C0056845C /* LogWaterIntakeUseCase.swift */ = {isa = PBXFileReference; lastKnownFileType = sourcecode.swift; path = LogWaterIntakeUseCase.swift; sourceTree = "<group>"; };
		41163C103075913C0056845C /* UpdateDailyHydrationGoalUseCase.swift */ = {isa = PBXFileReference; lastKnownFileType = sourcecode.swift; path = UpdateDailyHydrationGoalUseCase.swift; sourceTree = "<group>"; };
		41163C163075D8850056845C /* HydrationWorkflowModels.swift */ = {isa = PBXFileReference; lastKnownFileType = sourcecode.swift; path = HydrationWorkflowModels.swift; sourceTree = "<group>"; };
		41163C183075D88A0056845C /* HydrationReminderRoutineStore.swift */ = {isa = PBXFileReference; lastKnownFileType = sourcecode.swift; path = HydrationReminderRoutineStore.swift; sourceTree = "<group>"; };
		41163C1A3075D8900056845C /* HydrationWorkflowUseCases.swift */ = {isa = PBXFileReference; lastKnownFileType = sourcecode.swift; path = HydrationWorkflowUseCases.swift; sourceTree = "<group>"; };
		41163C1C3075D8990056845C /* HydrationWorkflowServices.swift */ = {isa = PBXFileReference; lastKnownFileType = sourcecode.swift; path = HydrationWorkflowServices.swift; sourceTree = "<group>"; };
		41163C1E3075D89F0056845C /* HydrationWorkspaceViewModel.swift */ = {isa = PBXFileReference; lastKnownFileType = sourcecode.swift; path = HydrationWorkspaceViewModel.swift; sourceTree = "<group>"; };
		41163C203075D8C40056845C /* HydrationDailyGoalView.swift */ = {isa = PBXFileReference; lastKnownFileType = sourcecode.swift; path = HydrationDailyGoalView.swift; sourceTree = "<group>"; };
		41163C213075D8C40056845C /* HydrationHistoryView.swift */ = {isa = PBXFileReference; lastKnownFileType = sourcecode.swift; path = HydrationHistoryView.swift; sourceTree = "<group>"; };
		41163C223075D8C40056845C /* HydrationLogWaterView.swift */ = {isa = PBXFileReference; lastKnownFileType = sourcecode.swift; path = HydrationLogWaterView.swift; sourceTree = "<group>"; };
		41163C233075D8C40056845C /* HydrationReminderView.swift */ = {isa = PBXFileReference; lastKnownFileType = sourcecode.swift; path = HydrationReminderView.swift; sourceTree = "<group>"; };
		41163C243075D8C40056845C /* HydrationTodayView.swift */ = {isa = PBXFileReference; lastKnownFileType = sourcecode.swift; path = HydrationTodayView.swift; sourceTree = "<group>"; };
		41163C253075D8C40056845C /* HydrationUIComponents.swift */ = {isa = PBXFileReference; lastKnownFileType = sourcecode.swift; path = HydrationUIComponents.swift; sourceTree = "<group>"; };
		41163C353075ECEA0056845C /* PublishHydrationWidgetSnapshotUseCase.swift */ = {isa = PBXFileReference; lastKnownFileType = sourcecode.swift; path = PublishHydrationWidgetSnapshotUseCase.swift; sourceTree = "<group>"; };
		41163C3D3075F2A00056845C /* HydrationWidgetExtension.appex */ = {isa = PBXFileReference; explicitFileType = "wrapper.app-extension"; includeInIndex = 0; path = HydrationWidgetExtension.appex; sourceTree = BUILT_PRODUCTS_DIR; };
		41163C3F3075F2A00056845C /* WidgetKit.framework */ = {isa = PBXFileReference; lastKnownFileType = wrapper.framework; name = WidgetKit.framework; path = System/Library/Frameworks/WidgetKit.framework; sourceTree = SDKROOT; };
		41163C413075F2A00056845C /* SwiftUI.framework */ = {isa = PBXFileReference; lastKnownFileType = wrapper.framework; name = SwiftUI.framework; path = System/Library/Frameworks/SwiftUI.framework; sourceTree = SDKROOT; };
		41163C593075F3950056845C /* WidgetReloadingHydrationSnapshotStore.swift */ = {isa = PBXFileReference; lastKnownFileType = sourcecode.swift; path = WidgetReloadingHydrationSnapshotStore.swift; sourceTree = "<group>"; };
		B00000000000000000000001 /* HydrationRoutineAssistantApp.swift */ = {isa = PBXFileReference; lastKnownFileType = sourcecode.swift; path = HydrationRoutineAssistantApp.swift; sourceTree = "<group>"; };
		B00000000000000000000002 /* ContentView.swift */ = {isa = PBXFileReference; lastKnownFileType = sourcecode.swift; path = ContentView.swift; sourceTree = "<group>"; };
		B00000000000000000000003 /* HydrationRoutineAssistant.app */ = {isa = PBXFileReference; explicitFileType = wrapper.application; includeInIndex = 0; path = HydrationRoutineAssistant.app; sourceTree = BUILT_PRODUCTS_DIR; };
/* End PBXFileReference section */

/* Begin PBXFileSystemSynchronizedBuildFileExceptionSet section */
		41163C4E3075F2A10056845C /* PBXFileSystemSynchronizedBuildFileExceptionSet */ = {
			isa = PBXFileSystemSynchronizedBuildFileExceptionSet;
			membershipExceptions = (
				Info.plist,
			);
			target = 41163C3C3075F2A00056845C /* HydrationWidgetExtension */;
		};
/* End PBXFileSystemSynchronizedBuildFileExceptionSet section */

/* Begin PBXFileSystemSynchronizedRootGroup section */
		41163BE1307550DC0056845C /* HydrationRoutineAssistantTests */ = {isa = PBXFileSystemSynchronizedRootGroup; explicitFileTypes = {}; explicitFolders = (); path = HydrationRoutineAssistantTests; sourceTree = "<group>"; };
		41163C323075ECDD0056845C /* Shared */ = {isa = PBXFileSystemSynchronizedRootGroup; explicitFileTypes = {}; explicitFolders = (); path = Shared; sourceTree = "<group>"; };
		41163C433075F2A00056845C /* HydrationWidget */ = {isa = PBXFileSystemSynchronizedRootGroup; exceptions = (41163C4E3075F2A10056845C /* PBXFileSystemSynchronizedBuildFileExceptionSet */, ); explicitFileTypes = {}; explicitFolders = (); path = HydrationWidget; sourceTree = "<group>"; };
/* End PBXFileSystemSynchronizedRootGroup section */

/* Begin PBXFrameworksBuildPhase section */
		41163BDD307550DC0056845C /* Frameworks */ = {
			isa = PBXFrameworksBuildPhase;
			buildActionMask = 2147483647;
			files = (
			);
			runOnlyForDeploymentPostprocessing = 0;
		};
		41163C3A3075F2A00056845C /* Frameworks */ = {
			isa = PBXFrameworksBuildPhase;
			buildActionMask = 2147483647;
			files = (
				41163C423075F2A00056845C /* SwiftUI.framework in Frameworks */,
				41163C403075F2A00056845C /* WidgetKit.framework in Frameworks */,
			);
			runOnlyForDeploymentPostprocessing = 0;
		};
		C00000000000000000000001 /* Frameworks */ = {
			isa = PBXFrameworksBuildPhase;
			buildActionMask = 2147483647;
			files = (
			);
			runOnlyForDeploymentPostprocessing = 0;
		};
/* End PBXFrameworksBuildPhase section */

/* Begin PBXGroup section */
		41163C3E3075F2A00056845C /* Frameworks */ = {
			isa = PBXGroup;
			children = (
				41163C3F3075F2A00056845C /* WidgetKit.framework */,
				41163C413075F2A00056845C /* SwiftUI.framework */,
			);
			name = Frameworks;
			sourceTree = "<group>";
		};
		D00000000000000000000001 = {
			isa = PBXGroup;
			children = (
				D00000000000000000000002 /* HydrationRoutineAssistant */,
				41163BE1307550DC0056845C /* HydrationRoutineAssistantTests */,
				41163C433075F2A00056845C /* HydrationWidget */,
				41163C3E3075F2A00056845C /* Frameworks */,
				D00000000000000000000010 /* Products */,
			);
			sourceTree = "<group>";
		};
		D00000000000000000000002 /* HydrationRoutineAssistant */ = {
			isa = PBXGroup;
			children = (
				41163C323075ECDD0056845C /* Shared */,
				41163BDA307550C20056845C /* Assets.xcassets */,
				B00000000000000000000001 /* HydrationRoutineAssistantApp.swift */,
				D00000000000000000000003 /* Domain */,
				D00000000000000000000004 /* UseCases */,
				D00000000000000000000005 /* Repositories */,
				D00000000000000000000006 /* Data */,
				D00000000000000000000007 /* ViewModels */,
				D00000000000000000000008 /* Views */,
				D00000000000000000000009 /* Extensions */,
			);
			path = HydrationRoutineAssistant;
			sourceTree = "<group>";
		};
		D00000000000000000000003 /* Domain */ = {
			isa = PBXGroup;
			children = (
				41163C163075D8850056845C /* HydrationWorkflowModels.swift */,
				41163BEB307553650056845C /* HydrationGoal.swift */,
				41163BEC307553650056845C /* HydrationProgress.swift */,
				41163BED307553650056845C /* WaterIntakeEntry.swift */,
			);
			path = Domain;
			sourceTree = "<group>";
		};
		D00000000000000000000004 /* UseCases */ = {
			isa = PBXGroup;
			children = (
				41163C353075ECEA0056845C /* PublishHydrationWidgetSnapshotUseCase.swift */,
				41163C1A3075D8900056845C /* HydrationWorkflowUseCases.swift */,
				41163C0E3075913C0056845C /* FetchTodayHydrationProgressUseCase.swift */,
				41163C0F3075913C0056845C /* LogWaterIntakeUseCase.swift */,
				41163C103075913C0056845C /* UpdateDailyHydrationGoalUseCase.swift */,
			);
			path = UseCases;
			sourceTree = "<group>";
		};
		D00000000000000000000005 /* Repositories */ = {
			isa = PBXGroup;
			children = (
				41163C183075D88A0056845C /* HydrationReminderRoutineStore.swift */,
				41163BFC307568FE0056845C /* HydrationRepository.swift */,
			);
			path = Repositories;
			sourceTree = "<group>";
		};
		D00000000000000000000006 /* Data */ = {
			isa = PBXGroup;
			children = (
				41163C593075F3950056845C /* WidgetReloadingHydrationSnapshotStore.swift */,
				41163C1C3075D8990056845C /* HydrationWorkflowServices.swift */,
				41163BFE3075692C0056845C /* CoreDataHydrationRepository.swift */,
				41163C00307569390056845C /* HydrationPersistence.swift */,
				41163BF7307563A90056845C /* HydrationModel.xcdatamodeld */,
			);
			path = Data;
			sourceTree = "<group>";
		};
		D00000000000000000000007 /* ViewModels */ = {
			isa = PBXGroup;
			children = (
				41163C1E3075D89F0056845C /* HydrationWorkspaceViewModel.swift */,
			);
			path = ViewModels;
			sourceTree = "<group>";
		};
		D00000000000000000000008 /* Views */ = {
			isa = PBXGroup;
			children = (
				41163C203075D8C40056845C /* HydrationDailyGoalView.swift */,
				41163C213075D8C40056845C /* HydrationHistoryView.swift */,
				41163C223075D8C40056845C /* HydrationLogWaterView.swift */,
				41163C233075D8C40056845C /* HydrationReminderView.swift */,
				41163C243075D8C40056845C /* HydrationTodayView.swift */,
				41163C253075D8C40056845C /* HydrationUIComponents.swift */,
				B00000000000000000000002 /* ContentView.swift */,
			);
			path = Views;
			sourceTree = "<group>";
		};
		D00000000000000000000009 /* Extensions */ = {
			isa = PBXGroup;
			children = (
			);
			path = Extensions;
			sourceTree = "<group>";
		};
		D00000000000000000000010 /* Products */ = {
			isa = PBXGroup;
			children = (
				B00000000000000000000003 /* HydrationRoutineAssistant.app */,
				41163BE0307550DC0056845C /* HydrationRoutineAssistantTests.xctest */,
				41163C3D3075F2A00056845C /* HydrationWidgetExtension.appex */,
			);
			name = Products;
			sourceTree = "<group>";
		};
/* End PBXGroup section */

/* Begin PBXNativeTarget section */
		41163BDF307550DC0056845C /* HydrationRoutineAssistantTests */ = {
			isa = PBXNativeTarget;
			buildConfigurationList = 41163BE6307550DC0056845C /* Build configuration list for PBXNativeTarget "HydrationRoutineAssistantTests" */;
			buildPhases = (
				41163BDC307550DC0056845C /* Sources */,
				41163BDD307550DC0056845C /* Frameworks */,
				41163BDE307550DC0056845C /* Resources */,
			);
			buildRules = (
			);
			dependencies = (
				41163BE5307550DC0056845C /* PBXTargetDependency */,
			);
			fileSystemSynchronizedGroups = (
				41163BE1307550DC0056845C /* HydrationRoutineAssistantTests */,
			);
			name = HydrationRoutineAssistantTests;
			packageProductDependencies = (
			);
			productName = HydrationRoutineAssistantTests;
			productReference = 41163BE0307550DC0056845C /* HydrationRoutineAssistantTests.xctest */;
			productType = "com.apple.product-type.bundle.unit-test";
		};
		41163C3C3075F2A00056845C /* HydrationWidgetExtension */ = {
			isa = PBXNativeTarget;
			buildConfigurationList = 41163C4F3075F2A10056845C /* Build configuration list for PBXNativeTarget "HydrationWidgetExtension" */;
			buildPhases = (
				41163C393075F2A00056845C /* Sources */,
				41163C3A3075F2A00056845C /* Frameworks */,
				41163C3B3075F2A00056845C /* Resources */,
			);
			buildRules = (
			);
			dependencies = (
			);
			fileSystemSynchronizedGroups = (
				41163C323075ECDD0056845C /* Shared */,
				41163C433075F2A00056845C /* HydrationWidget */,
			);
			name = HydrationWidgetExtension;
			packageProductDependencies = (
			);
			productName = HydrationWidgetExtension;
			productReference = 41163C3D3075F2A00056845C /* HydrationWidgetExtension.appex */;
			productType = "com.apple.product-type.app-extension";
		};
		E00000000000000000000001 /* HydrationRoutineAssistant */ = {
			isa = PBXNativeTarget;
			buildConfigurationList = F00000000000000000000002 /* Build configuration list for PBXNativeTarget "HydrationRoutineAssistant" */;
			buildPhases = (
				G00000000000000000000001 /* Sources */,
				C00000000000000000000001 /* Frameworks */,
				G00000000000000000000002 /* Resources */,
				41163C523075F2A10056845C /* Embed Foundation Extensions */,
			);
			buildRules = (
			);
			dependencies = (
				41163C4C3075F2A10056845C /* PBXTargetDependency */,
			);
			fileSystemSynchronizedGroups = (
				41163C323075ECDD0056845C /* Shared */,
			);
			name = HydrationRoutineAssistant;
			productName = HydrationRoutineAssistant;
			productReference = B00000000000000000000003 /* HydrationRoutineAssistant.app */;
			productType = "com.apple.product-type.application";
		};
/* End PBXNativeTarget section */

/* Begin PBXProject section */
		H00000000000000000000001 /* Project object */ = {
			isa = PBXProject;
			attributes = {
				BuildIndependentTargetsInParallel = 1;
				LastSwiftUpdateCheck = 2660;
				LastUpgradeCheck = 1600;
				TargetAttributes = {
					41163BDF307550DC0056845C = {
						CreatedOnToolsVersion = 26.6;
						TestTargetID = E00000000000000000000001;
					};
					41163C3C3075F2A00056845C = {
						CreatedOnToolsVersion = 26.6;
					};
					E00000000000000000000001 = {
						CreatedOnToolsVersion = 16.0;
					};
				};
			};
			buildConfigurationList = F00000000000000000000001 /* Build configuration list for PBXProject "HydrationRoutineAssistant" */;
			compatibilityVersion = "Xcode 14.0";
			developmentRegion = en;
			hasScannedForEncodings = 0;
			knownRegions = (
				en,
				Base,
			);
			mainGroup = D00000000000000000000001;
			productRefGroup = D00000000000000000000010 /* Products */;
			projectDirPath = "";
			projectRoot = "";
			targets = (
				E00000000000000000000001 /* HydrationRoutineAssistant */,
				41163BDF307550DC0056845C /* HydrationRoutineAssistantTests */,
				41163C3C3075F2A00056845C /* HydrationWidgetExtension */,
			);
		};
/* End PBXProject section */

/* Begin PBXResourcesBuildPhase section */
		41163BDE307550DC0056845C /* Resources */ = {
			isa = PBXResourcesBuildPhase;
			buildActionMask = 2147483647;
			files = (
			);
			runOnlyForDeploymentPostprocessing = 0;
		};
		41163C3B3075F2A00056845C /* Resources */ = {
			isa = PBXResourcesBuildPhase;
			buildActionMask = 2147483647;
			files = (
			);
			runOnlyForDeploymentPostprocessing = 0;
		};
		G00000000000000000000002 /* Resources */ = {
			isa = PBXResourcesBuildPhase;
			buildActionMask = 2147483647;
			files = (
				41163BDB307550C20056845C /* Assets.xcassets in Resources */,
			);
			runOnlyForDeploymentPostprocessing = 0;
		};
/* End PBXResourcesBuildPhase section */

/* Begin PBXSourcesBuildPhase section */
		41163BDC307550DC0056845C /* Sources */ = {
			isa = PBXSourcesBuildPhase;
			buildActionMask = 2147483647;
			files = (
			);
			runOnlyForDeploymentPostprocessing = 0;
		};
		41163C393075F2A00056845C /* Sources */ = {
			isa = PBXSourcesBuildPhase;
			buildActionMask = 2147483647;
			files = (
			);
			runOnlyForDeploymentPostprocessing = 0;
		};
		G00000000000000000000001 /* Sources */ = {
			isa = PBXSourcesBuildPhase;
			buildActionMask = 2147483647;
			files = (
				41163C1F3075D89F0056845C /* HydrationWorkspaceViewModel.swift in Sources */,
				41163C173075D8850056845C /* HydrationWorkflowModels.swift in Sources */,
				41163C113075913C0056845C /* UpdateDailyHydrationGoalUseCase.swift in Sources */,
				41163C123075913C0056845C /* LogWaterIntakeUseCase.swift in Sources */,
				41163C133075913C0056845C /* FetchTodayHydrationProgressUseCase.swift in Sources */,
				A00000000000000000000001 /* HydrationRoutineAssistantApp.swift in Sources */,
				41163C193075D88A0056845C /* HydrationReminderRoutineStore.swift in Sources */,
				41163C01307569390056845C /* HydrationPersistence.swift in Sources */,
				41163BFD307568FE0056845C /* HydrationRepository.swift in Sources */,
				A00000000000000000000002 /* ContentView.swift in Sources */,
				41163BFF3075692C0056845C /* CoreDataHydrationRepository.swift in Sources */,
				41163BEE307553650056845C /* HydrationGoal.swift in Sources */,
				41163C263075D8C40056845C /* HydrationTodayView.swift in Sources */,
				41163C273075D8C40056845C /* HydrationDailyGoalView.swift in Sources */,
				41163C283075D8C40056845C /* HydrationLogWaterView.swift in Sources */,
				41163C293075D8C40056845C /* HydrationUIComponents.swift in Sources */,
				41163C2A3075D8C40056845C /* HydrationReminderView.swift in Sources */,
				41163C2B3075D8C40056845C /* HydrationHistoryView.swift in Sources */,
				41163C1D3075D8990056845C /* HydrationWorkflowServices.swift in Sources */,
				41163C1B3075D8900056845C /* HydrationWorkflowUseCases.swift in Sources */,
				41163C363075ECEA0056845C /* PublishHydrationWidgetSnapshotUseCase.swift in Sources */,
				41163BEF307553650056845C /* WaterIntakeEntry.swift in Sources */,
				41163BF9307563A90056845C /* HydrationModel.xcdatamodeld in Sources */,
				41163C5A3075F3950056845C /* WidgetReloadingHydrationSnapshotStore.swift in Sources */,
				41163BF0307553650056845C /* HydrationProgress.swift in Sources */,
			);
			runOnlyForDeploymentPostprocessing = 0;
		};
/* End PBXSourcesBuildPhase section */

/* Begin PBXTargetDependency section */
		41163BE5307550DC0056845C /* PBXTargetDependency */ = {
			isa = PBXTargetDependency;
			target = E00000000000000000000001 /* HydrationRoutineAssistant */;
			targetProxy = 41163BE4307550DC0056845C /* PBXContainerItemProxy */;
		};
		41163C4C3075F2A10056845C /* PBXTargetDependency */ = {
			isa = PBXTargetDependency;
			target = 41163C3C3075F2A00056845C /* HydrationWidgetExtension */;
			targetProxy = 41163C4B3075F2A10056845C /* PBXContainerItemProxy */;
		};
/* End PBXTargetDependency section */

/* Begin XCBuildConfiguration section */
		41163BE7307550DC0056845C /* Debug */ = {
			isa = XCBuildConfiguration;
			buildSettings = {
				ASSETCATALOG_COMPILER_GENERATE_SWIFT_ASSET_SYMBOL_EXTENSIONS = YES;
				BUNDLE_LOADER = "$(TEST_HOST)";
				CLANG_ANALYZER_NONNULL = YES;
				CLANG_ANALYZER_NUMBER_OBJECT_CONVERSION = YES_AGGRESSIVE;
				CLANG_CXX_LANGUAGE_STANDARD = "gnu++20";
				CLANG_ENABLE_OBJC_WEAK = YES;
				CLANG_WARN_BLOCK_CAPTURE_AUTORELEASING = YES;
				CLANG_WARN_DOCUMENTATION_COMMENTS = YES;
				CLANG_WARN_UNREACHABLE_CODE = YES;
				CLANG_WARN__DUPLICATE_METHOD_MATCH = YES;
				CODE_SIGN_STYLE = Automatic;
				CURRENT_PROJECT_VERSION = 1;
				ENABLE_STRICT_OBJC_MSGSEND = YES;
				ENABLE_USER_SCRIPT_SANDBOXING = YES;
				GENERATE_INFOPLIST_FILE = YES;
				IPHONEOS_DEPLOYMENT_TARGET = 18.0;
				LOCALIZATION_PREFERS_STRING_CATALOGS = YES;
				MARKETING_VERSION = 1.0;
				MTL_FAST_MATH = YES;
				PRODUCT_BUNDLE_IDENTIFIER = com.mingchen.HydrationRoutineAssistantTests;
				PRODUCT_NAME = "$(TARGET_NAME)";
				STRING_CATALOG_GENERATE_SYMBOLS = NO;
				SWIFT_APPROACHABLE_CONCURRENCY = YES;
				SWIFT_EMIT_LOC_STRINGS = NO;
				SWIFT_UPCOMING_FEATURE_MEMBER_IMPORT_VISIBILITY = YES;
				SWIFT_VERSION = 5.0;
				TARGETED_DEVICE_FAMILY = "1,2";
				TEST_HOST = "$(BUILT_PRODUCTS_DIR)/HydrationRoutineAssistant.app/$(BUNDLE_EXECUTABLE_FOLDER_PATH)/HydrationRoutineAssistant";
			};
			name = Debug;
		};
		41163BE8307550DC0056845C /* Release */ = {
			isa = XCBuildConfiguration;
			buildSettings = {
				ASSETCATALOG_COMPILER_GENERATE_SWIFT_ASSET_SYMBOL_EXTENSIONS = YES;
				BUNDLE_LOADER = "$(TEST_HOST)";
				CLANG_ANALYZER_NONNULL = YES;
				CLANG_ANALYZER_NUMBER_OBJECT_CONVERSION = YES_AGGRESSIVE;
				CLANG_CXX_LANGUAGE_STANDARD = "gnu++20";
				CLANG_ENABLE_OBJC_WEAK = YES;
				CLANG_WARN_BLOCK_CAPTURE_AUTORELEASING = YES;
				CLANG_WARN_DOCUMENTATION_COMMENTS = YES;
				CLANG_WARN_UNREACHABLE_CODE = YES;
				CLANG_WARN__DUPLICATE_METHOD_MATCH = YES;
				CODE_SIGN_STYLE = Automatic;
				CURRENT_PROJECT_VERSION = 1;
				ENABLE_STRICT_OBJC_MSGSEND = YES;
				ENABLE_USER_SCRIPT_SANDBOXING = YES;
				GENERATE_INFOPLIST_FILE = YES;
				IPHONEOS_DEPLOYMENT_TARGET = 18.0;
				LOCALIZATION_PREFERS_STRING_CATALOGS = YES;
				MARKETING_VERSION = 1.0;
				MTL_FAST_MATH = YES;
				PRODUCT_BUNDLE_IDENTIFIER = com.mingchen.HydrationRoutineAssistantTests;
				PRODUCT_NAME = "$(TARGET_NAME)";
				STRING_CATALOG_GENERATE_SYMBOLS = NO;
				SWIFT_APPROACHABLE_CONCURRENCY = YES;
				SWIFT_EMIT_LOC_STRINGS = NO;
				SWIFT_UPCOMING_FEATURE_MEMBER_IMPORT_VISIBILITY = YES;
				SWIFT_VERSION = 5.0;
				TARGETED_DEVICE_FAMILY = "1,2";
				TEST_HOST = "$(BUILT_PRODUCTS_DIR)/HydrationRoutineAssistant.app/$(BUNDLE_EXECUTABLE_FOLDER_PATH)/HydrationRoutineAssistant";
			};
			name = Release;
		};
		41163C503075F2A10056845C /* Debug */ = {
			isa = XCBuildConfiguration;
			buildSettings = {
				ASSETCATALOG_COMPILER_GENERATE_SWIFT_ASSET_SYMBOL_EXTENSIONS = YES;
				ASSETCATALOG_COMPILER_GLOBAL_ACCENT_COLOR_NAME = AccentColor;
				ASSETCATALOG_COMPILER_WIDGET_BACKGROUND_COLOR_NAME = WidgetBackground;
				CLANG_ANALYZER_NONNULL = YES;
				CLANG_ANALYZER_NUMBER_OBJECT_CONVERSION = YES_AGGRESSIVE;
				CLANG_CXX_LANGUAGE_STANDARD = "gnu++20";
				CLANG_ENABLE_OBJC_WEAK = YES;
				CLANG_WARN_BLOCK_CAPTURE_AUTORELEASING = YES;
				CLANG_WARN_DOCUMENTATION_COMMENTS = YES;
				CLANG_WARN_UNREACHABLE_CODE = YES;
				CLANG_WARN__DUPLICATE_METHOD_MATCH = YES;
				CODE_SIGN_ENTITLEMENTS = HydrationWidget/HydrationWidget.entitlements;
				CODE_SIGN_STYLE = Automatic;
				CURRENT_PROJECT_VERSION = 1;
				DEVELOPMENT_TEAM = "";
				ENABLE_STRICT_OBJC_MSGSEND = YES;
				ENABLE_USER_SCRIPT_SANDBOXING = YES;
				GENERATE_INFOPLIST_FILE = YES;
				INFOPLIST_FILE = HydrationWidget/Info.plist;
				INFOPLIST_KEY_CFBundleDisplayName = HydrationWidget;
				INFOPLIST_KEY_NSHumanReadableCopyright = "";
				IPHONEOS_DEPLOYMENT_TARGET = 18.0;
				LD_RUNPATH_SEARCH_PATHS = (
					"$(inherited)",
					"@executable_path/Frameworks",
					"@executable_path/../../Frameworks",
				);
				LOCALIZATION_PREFERS_STRING_CATALOGS = YES;
				MARKETING_VERSION = 1.0;
				MTL_FAST_MATH = YES;
				PRODUCT_BUNDLE_IDENTIFIER = com.mingchen.HydrationRoutineAssistant.HydrationWidget;
				PRODUCT_NAME = "$(TARGET_NAME)";
				SKIP_INSTALL = YES;
				STRING_CATALOG_GENERATE_SYMBOLS = YES;
				SWIFT_APPROACHABLE_CONCURRENCY = YES;
				SWIFT_EMIT_LOC_STRINGS = YES;
				SWIFT_UPCOMING_FEATURE_MEMBER_IMPORT_VISIBILITY = YES;
				SWIFT_VERSION = 5.0;
				TARGETED_DEVICE_FAMILY = "1,2";
			};
			name = Debug;
		};
		41163C513075F2A10056845C /* Release */ = {
			isa = XCBuildConfiguration;
			buildSettings = {
				ASSETCATALOG_COMPILER_GENERATE_SWIFT_ASSET_SYMBOL_EXTENSIONS = YES;
				ASSETCATALOG_COMPILER_GLOBAL_ACCENT_COLOR_NAME = AccentColor;
				ASSETCATALOG_COMPILER_WIDGET_BACKGROUND_COLOR_NAME = WidgetBackground;
				CLANG_ANALYZER_NONNULL = YES;
				CLANG_ANALYZER_NUMBER_OBJECT_CONVERSION = YES_AGGRESSIVE;
				CLANG_CXX_LANGUAGE_STANDARD = "gnu++20";
				CLANG_ENABLE_OBJC_WEAK = YES;
				CLANG_WARN_BLOCK_CAPTURE_AUTORELEASING = YES;
				CLANG_WARN_DOCUMENTATION_COMMENTS = YES;
				CLANG_WARN_UNREACHABLE_CODE = YES;
				CLANG_WARN__DUPLICATE_METHOD_MATCH = YES;
				CODE_SIGN_ENTITLEMENTS = HydrationWidget/HydrationWidget.entitlements;
				CODE_SIGN_STYLE = Automatic;
				CURRENT_PROJECT_VERSION = 1;
				DEVELOPMENT_TEAM = "";
				ENABLE_STRICT_OBJC_MSGSEND = YES;
				ENABLE_USER_SCRIPT_SANDBOXING = YES;
				GENERATE_INFOPLIST_FILE = YES;
				INFOPLIST_FILE = HydrationWidget/Info.plist;
				INFOPLIST_KEY_CFBundleDisplayName = HydrationWidget;
				INFOPLIST_KEY_NSHumanReadableCopyright = "";
				IPHONEOS_DEPLOYMENT_TARGET = 18.0;
				LD_RUNPATH_SEARCH_PATHS = (
					"$(inherited)",
					"@executable_path/Frameworks",
					"@executable_path/../../Frameworks",
				);
				LOCALIZATION_PREFERS_STRING_CATALOGS = YES;
				MARKETING_VERSION = 1.0;
				MTL_FAST_MATH = YES;
				PRODUCT_BUNDLE_IDENTIFIER = com.mingchen.HydrationRoutineAssistant.HydrationWidget;
				PRODUCT_NAME = "$(TARGET_NAME)";
				SKIP_INSTALL = YES;
				STRING_CATALOG_GENERATE_SYMBOLS = YES;
				SWIFT_APPROACHABLE_CONCURRENCY = YES;
				SWIFT_EMIT_LOC_STRINGS = YES;
				SWIFT_UPCOMING_FEATURE_MEMBER_IMPORT_VISIBILITY = YES;
				SWIFT_VERSION = 5.0;
				TARGETED_DEVICE_FAMILY = "1,2";
			};
			name = Release;
		};
		I00000000000000000000001 /* Debug */ = {
			isa = XCBuildConfiguration;
			buildSettings = {
				ALWAYS_SEARCH_USER_PATHS = NO;
				CLANG_ENABLE_MODULES = YES;
				CLANG_ENABLE_OBJC_ARC = YES;
				CLANG_WARN_BOOL_CONVERSION = YES;
				CLANG_WARN_COMMA = YES;
				CLANG_WARN_CONSTANT_CONVERSION = YES;
				CLANG_WARN_DEPRECATED_OBJC_IMPLEMENTATIONS = YES;
				CLANG_WARN_DIRECT_OBJC_ISA_USAGE = YES_ERROR;
				CLANG_WARN_EMPTY_BODY = YES;
				CLANG_WARN_ENUM_CONVERSION = YES;
				CLANG_WARN_INFINITE_RECURSION = YES;
				CLANG_WARN_INT_CONVERSION = YES;
				CLANG_WARN_NON_LITERAL_NULL_CONVERSION = YES;
				CLANG_WARN_OBJC_IMPLICIT_RETAIN_SELF = YES;
				CLANG_WARN_OBJC_LITERAL_CONVERSION = YES;
				CLANG_WARN_OBJC_ROOT_CLASS = YES_ERROR;
				CLANG_WARN_QUOTED_INCLUDE_IN_FRAMEWORK_HEADER = YES;
				CLANG_WARN_RANGE_LOOP_ANALYSIS = YES;
				CLANG_WARN_STRICT_PROTOTYPES = YES;
				CLANG_WARN_SUSPICIOUS_MOVE = YES;
				CLANG_WARN_UNGUARDED_AVAILABILITY = YES_AGGRESSIVE;
				COPY_PHASE_STRIP = NO;
				DEBUG_INFORMATION_FORMAT = dwarf;
				ENABLE_TESTABILITY = YES;
				GCC_C_LANGUAGE_STANDARD = gnu17;
				GCC_DYNAMIC_NO_PIC = NO;
				GCC_NO_COMMON_BLOCKS = YES;
				GCC_OPTIMIZATION_LEVEL = 0;
				GCC_PREPROCESSOR_DEFINITIONS = (
					"DEBUG=1",
					"$(inherited)",
				);
				GCC_WARN_64_TO_32_BIT_CONVERSION = YES;
				GCC_WARN_ABOUT_RETURN_TYPE = YES_ERROR;
				GCC_WARN_UNDECLARED_SELECTOR = YES;
				GCC_WARN_UNINITIALIZED_AUTOS = YES_AGGRESSIVE;
				GCC_WARN_UNUSED_FUNCTION = YES;
				GCC_WARN_UNUSED_VARIABLE = YES;
				IPHONEOS_DEPLOYMENT_TARGET = 18.0;
				MTL_ENABLE_DEBUG_INFO = INCLUDE_SOURCE;
				ONLY_ACTIVE_ARCH = YES;
				SDKROOT = iphoneos;
				SWIFT_ACTIVE_COMPILATION_CONDITIONS = "DEBUG $(inherited)";
				SWIFT_OPTIMIZATION_LEVEL = "-Onone";
			};
			name = Debug;
		};
		I00000000000000000000002 /* Release */ = {
			isa = XCBuildConfiguration;
			buildSettings = {
				ALWAYS_SEARCH_USER_PATHS = NO;
				CLANG_ENABLE_MODULES = YES;
				CLANG_ENABLE_OBJC_ARC = YES;
				CLANG_WARN_BOOL_CONVERSION = YES;
				CLANG_WARN_COMMA = YES;
				CLANG_WARN_CONSTANT_CONVERSION = YES;
				CLANG_WARN_DEPRECATED_OBJC_IMPLEMENTATIONS = YES;
				CLANG_WARN_DIRECT_OBJC_ISA_USAGE = YES_ERROR;
				CLANG_WARN_EMPTY_BODY = YES;
				CLANG_WARN_ENUM_CONVERSION = YES;
				CLANG_WARN_INFINITE_RECURSION = YES;
				CLANG_WARN_INT_CONVERSION = YES;
				CLANG_WARN_NON_LITERAL_NULL_CONVERSION = YES;
				CLANG_WARN_OBJC_IMPLICIT_RETAIN_SELF = YES;
				CLANG_WARN_OBJC_LITERAL_CONVERSION = YES;
				CLANG_WARN_OBJC_ROOT_CLASS = YES_ERROR;
				CLANG_WARN_QUOTED_INCLUDE_IN_FRAMEWORK_HEADER = YES;
				CLANG_WARN_RANGE_LOOP_ANALYSIS = YES;
				CLANG_WARN_STRICT_PROTOTYPES = YES;
				CLANG_WARN_SUSPICIOUS_MOVE = YES;
				CLANG_WARN_UNGUARDED_AVAILABILITY = YES_AGGRESSIVE;
				COPY_PHASE_STRIP = NO;
				DEBUG_INFORMATION_FORMAT = "dwarf-with-dsym";
				ENABLE_NS_ASSERTIONS = NO;
				GCC_C_LANGUAGE_STANDARD = gnu17;
				GCC_NO_COMMON_BLOCKS = YES;
				GCC_WARN_64_TO_32_BIT_CONVERSION = YES;
				GCC_WARN_ABOUT_RETURN_TYPE = YES_ERROR;
				GCC_WARN_UNDECLARED_SELECTOR = YES;
				GCC_WARN_UNINITIALIZED_AUTOS = YES_AGGRESSIVE;
				GCC_WARN_UNUSED_FUNCTION = YES;
				GCC_WARN_UNUSED_VARIABLE = YES;
				IPHONEOS_DEPLOYMENT_TARGET = 18.0;
				MTL_ENABLE_DEBUG_INFO = NO;
				SDKROOT = iphoneos;
				SWIFT_COMPILATION_MODE = wholemodule;
				VALIDATE_PRODUCT = YES;
			};
			name = Release;
		};
		I00000000000000000000003 /* Debug */ = {
			isa = XCBuildConfiguration;
			buildSettings = {
				ASSETCATALOG_COMPILER_APPICON_NAME = "";
				CODE_SIGN_ENTITLEMENTS = HydrationRoutineAssistant/HydrationRoutineAssistant.entitlements;
				CODE_SIGN_STYLE = Automatic;
				CURRENT_PROJECT_VERSION = 1;
				DEVELOPMENT_TEAM = "";
				GENERATE_INFOPLIST_FILE = YES;
				INFOPLIST_FILE = HydrationRoutineAssistant/Info.plist;
				INFOPLIST_KEY_UIApplicationSceneManifest_Generation = YES;
				INFOPLIST_KEY_UIApplicationSupportsIndirectInputEvents = YES;
				INFOPLIST_KEY_UILaunchScreen_Generation = YES;
				IPHONEOS_DEPLOYMENT_TARGET = 18.0;
				LD_RUNPATH_SEARCH_PATHS = (
					"$(inherited)",
					"@executable_path/Frameworks",
				);
				MARKETING_VERSION = 1.0;
				PRODUCT_BUNDLE_IDENTIFIER = com.mingchen.HydrationRoutineAssistant;
				PRODUCT_NAME = "$(TARGET_NAME)";
				SWIFT_EMIT_LOC_STRINGS = YES;
				SWIFT_VERSION = 5.0;
				TARGETED_DEVICE_FAMILY = "1,2";
			};
			name = Debug;
		};
		I00000000000000000000004 /* Release */ = {
			isa = XCBuildConfiguration;
			buildSettings = {
				ASSETCATALOG_COMPILER_APPICON_NAME = "";
				CODE_SIGN_ENTITLEMENTS = HydrationRoutineAssistant/HydrationRoutineAssistant.entitlements;
				CODE_SIGN_STYLE = Automatic;
				CURRENT_PROJECT_VERSION = 1;
				DEVELOPMENT_TEAM = "";
				GENERATE_INFOPLIST_FILE = YES;
				INFOPLIST_FILE = HydrationRoutineAssistant/Info.plist;
				INFOPLIST_KEY_UIApplicationSceneManifest_Generation = YES;
				INFOPLIST_KEY_UIApplicationSupportsIndirectInputEvents = YES;
				INFOPLIST_KEY_UILaunchScreen_Generation = YES;
				IPHONEOS_DEPLOYMENT_TARGET = 18.0;
				LD_RUNPATH_SEARCH_PATHS = (
					"$(inherited)",
					"@executable_path/Frameworks",
				);
				MARKETING_VERSION = 1.0;
				PRODUCT_BUNDLE_IDENTIFIER = com.mingchen.HydrationRoutineAssistant;
				PRODUCT_NAME = "$(TARGET_NAME)";
				SWIFT_EMIT_LOC_STRINGS = YES;
				SWIFT_VERSION = 5.0;
				TARGETED_DEVICE_FAMILY = "1,2";
			};
			name = Release;
		};
/* End XCBuildConfiguration section */

/* Begin XCConfigurationList section */
		41163BE6307550DC0056845C /* Build configuration list for PBXNativeTarget "HydrationRoutineAssistantTests" */ = {
			isa = XCConfigurationList;
			buildConfigurations = (
				41163BE7307550DC0056845C /* Debug */,
				41163BE8307550DC0056845C /* Release */,
			);
			defaultConfigurationIsVisible = 0;
			defaultConfigurationName = Release;
		};
		41163C4F3075F2A10056845C /* Build configuration list for PBXNativeTarget "HydrationWidgetExtension" */ = {
			isa = XCConfigurationList;
			buildConfigurations = (
				41163C503075F2A10056845C /* Debug */,
				41163C513075F2A10056845C /* Release */,
			);
			defaultConfigurationIsVisible = 0;
			defaultConfigurationName = Release;
		};
		F00000000000000000000001 /* Build configuration list for PBXProject "HydrationRoutineAssistant" */ = {
			isa = XCConfigurationList;
			buildConfigurations = (
				I00000000000000000000001 /* Debug */,
				I00000000000000000000002 /* Release */,
			);
			defaultConfigurationIsVisible = 0;
			defaultConfigurationName = Release;
		};
		F00000000000000000000002 /* Build configuration list for PBXNativeTarget "HydrationRoutineAssistant" */ = {
			isa = XCConfigurationList;
			buildConfigurations = (
				I00000000000000000000003 /* Debug */,
				I00000000000000000000004 /* Release */,
			);
			defaultConfigurationIsVisible = 0;
			defaultConfigurationName = Release;
		};
/* End XCConfigurationList section */

/* Begin XCVersionGroup section */
		41163BF7307563A90056845C /* HydrationModel.xcdatamodeld */ = {
			isa = XCVersionGroup;
			children = (
				41163BF8307563A90056845C /* HydrationModel.xcdatamodel */,
			);
			currentVersion = 41163BF8307563A90056845C /* HydrationModel.xcdatamodel */;
			path = HydrationModel.xcdatamodeld;
			sourceTree = "<group>";
			versionGroupType = wrapper.xcdatamodel;
		};
/* End XCVersionGroup section */
	};
	rootObject = H00000000000000000000001 /* Project object */;
}
